{
  "version": 4,
  "terraform_version": "1.2.4",
  "serial": 40,
  "lineage": "d7cfea3a-402b-9177-22e6-973b987e48dc",
  "outputs": {},
  "resources": [
    {
      "mode": "managed",
      "type": "aws_api_gateway_deployment",
      "name": "api_gateway_deployment",
      "provider": "provider[\"registry.terraform.io/hashicorp/aws\"]",
      "instances": [
        {
          "schema_version": 0,
          "attributes": {
            "created_date": "2022-11-30T13:50:26Z",
            "description": "",
            "execution_arn": "arn:aws:execute-api:us-east-2:692117413392:npueds9tff/",
            "id": "epxsdi",
            "invoke_url": "https://npueds9tff.execute-api.us-east-2.amazonaws.com/",
            "rest_api_id": "npueds9tff",
            "stage_description": null,
            "stage_name": null,
            "triggers": {
              "redeployment": "d8b49c369d3d39d94c1dbf76110f760c555a260a"
            },
            "variables": null
          },
          "sensitive_attributes": [],
          "private": "bnVsbA==",
          "dependencies": [
            "aws_api_gateway_integration.frontend_file_handler",
            "aws_api_gateway_integration.index_file_handler",
            "aws_api_gateway_integration_response.frontend_file_integration_response",
            "aws_api_gateway_integration_response.index_file_integration_response",
            "aws_api_gateway_method.frontend_file_method",
            "aws_api_gateway_method.index_file_method",
            "aws_api_gateway_method_response.frontend_file_method_response",
            "aws_api_gateway_method_response.index_file_method_response",
            "aws_api_gateway_resource.frontend_file_resource",
            "aws_api_gateway_rest_api.frontend_api_gateway",
            "aws_iam_role.role",
            "aws_s3_bucket.bucket"
          ],
          "create_before_destroy": true
        }
      ]
    },
    {
      "mode": "managed",
      "type": "aws_api_gateway_integration",
      "name": "frontend_file_handler",
      "provider": "provider[\"registry.terraform.io/hashicorp/aws\"]",
      "instances": [
        {
          "schema_version": 0,
          "attributes": {
            "cache_key_parameters": [],
            "cache_namespace": "4etojl",
            "connection_id": "",
            "connection_type": "INTERNET",
            "content_handling": "",
            "credentials": "arn:aws:iam::692117413392:role/nyc-covid-data-api-gateway-s3-role",
            "http_method": "GET",
            "id": "agi-npueds9tff-4etojl-GET",
            "integration_http_method": "GET",
            "passthrough_behavior": "WHEN_NO_MATCH",
            "request_parameters": {
              "integration.request.header.Accept": "method.request.header.Accept",
              "integration.request.header.Content-Type": "method.request.header.Content-Type",
              "integration.request.path.path": "method.request.path.path"
            },
            "request_templates": {},
            "resource_id": "4etojl",
            "rest_api_id": "npueds9tff",
            "timeout_milliseconds": 29000,
            "tls_config": [],
            "type": "AWS",
            "uri": "arn:aws:apigateway:us-east-2:s3:path/nyc-covid-data-frontend-bucket/{path}"
          },
          "sensitive_attributes": [],
          "private": "bnVsbA==",
          "dependencies": [
            "aws_api_gateway_method.frontend_file_method",
            "aws_api_gateway_resource.frontend_file_resource",
            "aws_api_gateway_rest_api.frontend_api_gateway",
            "aws_iam_role.role",
            "aws_s3_bucket.bucket"
          ],
          "create_before_destroy": true
        }
      ]
    },
    {
      "mode": "managed",
      "type": "aws_api_gateway_integration",
      "name": "index_file_handler",
      "provider": "provider[\"registry.terraform.io/hashicorp/aws\"]",
      "instances": [
        {
          "schema_version": 0,
          "attributes": {
            "cache_key_parameters": [],
            "cache_namespace": "h0jcwjhbx4",
            "connection_id": "",
            "connection_type": "INTERNET",
            "content_handling": "",
            "credentials": "arn:aws:iam::692117413392:role/nyc-covid-data-api-gateway-s3-role",
            "http_method": "GET",
            "id": "agi-npueds9tff-h0jcwjhbx4-GET",
            "integration_http_method": "GET",
            "passthrough_behavior": "WHEN_NO_MATCH",
            "request_parameters": {
              "integration.request.header.Accept": "method.request.header.Accept",
              "integration.request.header.Content-Type": "method.request.header.Content-Type",
              "integration.request.path.path": "method.request.path.path"
            },
            "request_templates": {},
            "resource_id": "h0jcwjhbx4",
            "rest_api_id": "npueds9tff",
            "timeout_milliseconds": 29000,
            "tls_config": [],
            "type": "AWS",
            "uri": "arn:aws:apigateway:us-east-2:s3:path/nyc-covid-data-frontend-bucket/index.html"
          },
          "sensitive_attributes": [],
          "private": "bnVsbA==",
          "dependencies": [
            "aws_api_gateway_method.index_file_method",
            "aws_api_gateway_rest_api.frontend_api_gateway",
            "aws_iam_role.role",
            "aws_s3_bucket.bucket"
          ],
          "create_before_destroy": true
        }
      ]
    },
    {
      "mode": "managed",
      "type": "aws_api_gateway_integration_response",
      "name": "frontend_file_integration_response",
      "provider": "provider[\"registry.terraform.io/hashicorp/aws\"]",
      "instances": [
        {
          "schema_version": 0,
          "attributes": {
            "content_handling": "",
            "http_method": "GET",
            "id": "agir-npueds9tff-4etojl-GET-200",
            "resource_id": "4etojl",
            "response_parameters": {
              "method.response.header.Content-Length": "integration.response.header.Content-Length",
              "method.response.header.Content-Type": "integration.response.header.Content-Type"
            },
            "response_templates": {},
            "rest_api_id": "npueds9tff",
            "selection_pattern": "",
            "status_code": "200"
          },
          "sensitive_attributes": [],
          "private": "bnVsbA==",
          "dependencies": [
            "aws_api_gateway_method.frontend_file_method",
            "aws_api_gateway_method_response.frontend_file_method_response",
            "aws_api_gateway_resource.frontend_file_resource",
            "aws_api_gateway_rest_api.frontend_api_gateway"
          ],
          "create_before_destroy": true
        }
      ]
    },
    {
      "mode": "managed",
      "type": "aws_api_gateway_integration_response",
      "name": "index_file_integration_response",
      "provider": "provider[\"registry.terraform.io/hashicorp/aws\"]",
      "instances": [
        {
          "schema_version": 0,
          "attributes": {
            "content_handling": "",
            "http_method": "GET",
            "id": "agir-npueds9tff-h0jcwjhbx4-GET-200",
            "resource_id": "h0jcwjhbx4",
            "response_parameters": {
              "method.response.header.Content-Length": "integration.response.header.Content-Length",
              "method.response.header.Content-Type": "integration.response.header.Content-Type"
            },
            "response_templates": {},
            "rest_api_id": "npueds9tff",
            "selection_pattern": "",
            "status_code": "200"
          },
          "sensitive_attributes": [],
          "private": "bnVsbA==",
          "dependencies": [
            "aws_api_gateway_method.index_file_method",
            "aws_api_gateway_method_response.index_file_method_response",
            "aws_api_gateway_rest_api.frontend_api_gateway"
          ],
          "create_before_destroy": true
        }
      ]
    },
    {
      "mode": "managed",
      "type": "aws_api_gateway_method",
      "name": "frontend_file_method",
      "provider": "provider[\"registry.terraform.io/hashicorp/aws\"]",
      "instances": [
        {
          "schema_version": 0,
          "attributes": {
            "api_key_required": false,
            "authorization": "NONE",
            "authorization_scopes": [],
            "authorizer_id": "",
            "http_method": "GET",
            "id": "agm-npueds9tff-4etojl-GET",
            "operation_name": "",
            "request_models": {},
            "request_parameters": {
              "method.request.header.Accept": true,
              "method.request.header.Content-Type": true,
              "method.request.path.path": true
            },
            "request_validator_id": "",
            "resource_id": "4etojl",
            "rest_api_id": "npueds9tff"
          },
          "sensitive_attributes": [],
          "private": "bnVsbA==",
          "dependencies": [
            "aws_api_gateway_resource.frontend_file_resource",
            "aws_api_gateway_rest_api.frontend_api_gateway"
          ],
          "create_before_destroy": true
        }
      ]
    },
    {
      "mode": "managed",
      "type": "aws_api_gateway_method",
      "name": "index_file_method",
      "provider": "provider[\"registry.terraform.io/hashicorp/aws\"]",
      "instances": [
        {
          "schema_version": 0,
          "attributes": {
            "api_key_required": false,
            "authorization": "NONE",
            "authorization_scopes": [],
            "authorizer_id": "",
            "http_method": "GET",
            "id": "agm-npueds9tff-h0jcwjhbx4-GET",
            "operation_name": "",
            "request_models": {},
            "request_parameters": {
              "method.request.header.Accept": true,
              "method.request.header.Content-Type": true,
              "method.request.path.path": true
            },
            "request_validator_id": "",
            "resource_id": "h0jcwjhbx4",
            "rest_api_id": "npueds9tff"
          },
          "sensitive_attributes": [],
          "private": "bnVsbA==",
          "dependencies": [
            "aws_api_gateway_rest_api.frontend_api_gateway"
          ],
          "create_before_destroy": true
        }
      ]
    },
    {
      "mode": "managed",
      "type": "aws_api_gateway_method_response",
      "name": "frontend_file_method_response",
      "provider": "provider[\"registry.terraform.io/hashicorp/aws\"]",
      "instances": [
        {
          "schema_version": 0,
          "attributes": {
            "http_method": "GET",
            "id": "agmr-npueds9tff-4etojl-GET-200",
            "resource_id": "4etojl",
            "response_models": {
              "application/json": "Empty"
            },
            "response_parameters": {
              "method.response.header.Content-Length": true,
              "method.response.header.Content-Type": true
            },
            "rest_api_id": "npueds9tff",
            "status_code": "200"
          },
          "sensitive_attributes": [],
          "private": "bnVsbA==",
          "dependencies": [
            "aws_api_gateway_method.frontend_file_method",
            "aws_api_gateway_resource.frontend_file_resource",
            "aws_api_gateway_rest_api.frontend_api_gateway"
          ]
        }
      ]
    },
    {
      "mode": "managed",
      "type": "aws_api_gateway_method_response",
      "name": "index_file_method_response",
      "provider": "provider[\"registry.terraform.io/hashicorp/aws\"]",
      "instances": [
        {
          "schema_version": 0,
          "attributes": {
            "http_method": "GET",
            "id": "agmr-npueds9tff-h0jcwjhbx4-GET-200",
            "resource_id": "h0jcwjhbx4",
            "response_models": {
              "application/json": "Empty"
            },
            "response_parameters": {
              "method.response.header.Content-Length": true,
              "method.response.header.Content-Type": true
            },
            "rest_api_id": "npueds9tff",
            "status_code": "200"
          },
          "sensitive_attributes": [],
          "private": "bnVsbA==",
          "dependencies": [
            "aws_api_gateway_method.index_file_method",
            "aws_api_gateway_rest_api.frontend_api_gateway"
          ],
          "create_before_destroy": true
        }
      ]
    },
    {
      "mode": "managed",
      "type": "aws_api_gateway_resource",
      "name": "frontend_file_resource",
      "provider": "provider[\"registry.terraform.io/hashicorp/aws\"]",
      "instances": [
        {
          "schema_version": 0,
          "attributes": {
            "id": "4etojl",
            "parent_id": "h0jcwjhbx4",
            "path": "/{path}",
            "path_part": "{path}",
            "rest_api_id": "npueds9tff"
          },
          "sensitive_attributes": [],
          "private": "bnVsbA==",
          "dependencies": [
            "aws_api_gateway_rest_api.frontend_api_gateway"
          ],
          "create_before_destroy": true
        }
      ]
    },
    {
      "mode": "managed",
      "type": "aws_api_gateway_rest_api",
      "name": "frontend_api_gateway",
      "provider": "provider[\"registry.terraform.io/hashicorp/aws\"]",
      "instances": [
        {
          "schema_version": 0,
          "attributes": {
            "api_key_source": "HEADER",
            "arn": "arn:aws:apigateway:us-east-2::/restapis/npueds9tff",
            "binary_media_types": [],
            "body": null,
            "created_date": "2022-11-30T13:45:37Z",
            "description": "",
            "disable_execute_api_endpoint": false,
            "endpoint_configuration": [
              {
                "types": [
                  "EDGE"
                ],
                "vpc_endpoint_ids": []
              }
            ],
            "execution_arn": "arn:aws:execute-api:us-east-2:692117413392:npueds9tff",
            "id": "npueds9tff",
            "minimum_compression_size": -1,
            "name": "nyc-covid-data-frontend-gateway",
            "parameters": null,
            "policy": "",
            "put_rest_api_mode": null,
            "root_resource_id": "h0jcwjhbx4",
            "tags": {},
            "tags_all": {}
          },
          "sensitive_attributes": [],
          "private": "bnVsbA==",
          "create_before_destroy": true
        }
      ]
    },
    {
      "mode": "managed",
      "type": "aws_api_gateway_stage",
      "name": "v1_api_gateway_stage",
      "provider": "provider[\"registry.terraform.io/hashicorp/aws\"]",
      "instances": [
        {
          "schema_version": 0,
          "attributes": {
            "access_log_settings": [],
            "arn": "arn:aws:apigateway:us-east-2::/restapis/npueds9tff/stages/v1",
            "cache_cluster_enabled": false,
            "cache_cluster_size": "",
            "canary_settings": [],
            "client_certificate_id": "",
            "deployment_id": "epxsdi",
            "description": "",
            "documentation_version": "",
            "execution_arn": "arn:aws:execute-api:us-east-2:692117413392:npueds9tff/v1",
            "id": "ags-npueds9tff-v1",
            "invoke_url": "https://npueds9tff.execute-api.us-east-2.amazonaws.com/v1",
            "rest_api_id": "npueds9tff",
            "stage_name": "v1",
            "tags": {},
            "tags_all": {},
            "variables": {},
            "web_acl_arn": "",
            "xray_tracing_enabled": false
          },
          "sensitive_attributes": [],
          "private": "bnVsbA==",
          "dependencies": [
            "aws_api_gateway_deployment.api_gateway_deployment",
            "aws_api_gateway_integration.frontend_file_handler",
            "aws_api_gateway_integration.index_file_handler",
            "aws_api_gateway_integration_response.frontend_file_integration_response",
            "aws_api_gateway_integration_response.index_file_integration_response",
            "aws_api_gateway_method.frontend_file_method",
            "aws_api_gateway_method.index_file_method",
            "aws_api_gateway_method_response.frontend_file_method_response",
            "aws_api_gateway_method_response.index_file_method_response",
            "aws_api_gateway_resource.frontend_file_resource",
            "aws_api_gateway_rest_api.frontend_api_gateway",
            "aws_iam_role.role",
            "aws_s3_bucket.bucket"
          ]
        }
      ]
    },
    {
      "mode": "managed",
      "type": "aws_iam_policy",
      "name": "policy",
      "provider": "provider[\"registry.terraform.io/hashicorp/aws\"]",
      "instances": [
        {
          "schema_version": 0,
          "attributes": {
            "arn": "arn:aws:iam::692117413392:policy/nyc-covid-data-api-gateway-s3-policy",
            "description": "A test policy",
            "id": "arn:aws:iam::692117413392:policy/nyc-covid-data-api-gateway-s3-policy",
            "name": "nyc-covid-data-api-gateway-s3-policy",
            "name_prefix": null,
            "path": "/",
            "policy": "{\"Statement\":[{\"Action\":[\"logs:CreateLogGroup\",\"logs:CreateLogStream\",\"logs:PutLogEvents\"],\"Effect\":\"Allow\",\"Resource\":\"arn:aws:logs:*:*:*\"},{\"Action\":[\"s3:*\"],\"Effect\":\"Allow\",\"Resource\":\"arn:aws:s3:::*\"}],\"Version\":\"2012-10-17\"}",
            "policy_id": "ANPA2CJLJTYIH63FWJN2Q",
            "tags": {},
            "tags_all": {}
          },
          "sensitive_attributes": [],
          "private": "bnVsbA=="
        }
      ]
    },
    {
      "mode": "managed",
      "type": "aws_iam_role",
      "name": "role",
      "provider": "provider[\"registry.terraform.io/hashicorp/aws\"]",
      "instances": [
        {
          "schema_version": 0,
          "attributes": {
            "arn": "arn:aws:iam::692117413392:role/nyc-covid-data-api-gateway-s3-role",
            "assume_role_policy": "{\"Statement\":[{\"Action\":\"sts:AssumeRole\",\"Effect\":\"Allow\",\"Principal\":{\"Service\":\"apigateway.amazonaws.com\"},\"Sid\":\"\"}],\"Version\":\"2012-10-17\"}",
            "create_date": "2022-11-30T13:45:36Z",
            "description": "",
            "force_detach_policies": false,
            "id": "nyc-covid-data-api-gateway-s3-role",
            "inline_policy": [],
            "managed_policy_arns": [
              "arn:aws:iam::692117413392:policy/nyc-covid-data-api-gateway-s3-policy"
            ],
            "max_session_duration": 3600,
            "name": "nyc-covid-data-api-gateway-s3-role",
            "name_prefix": "",
            "path": "/",
            "permissions_boundary": null,
            "tags": {},
            "tags_all": {},
            "unique_id": "AROA2CJLJTYIABBP72JI2"
          },
          "sensitive_attributes": [],
          "private": "bnVsbA==",
          "create_before_destroy": true
        }
      ]
    },
    {
      "mode": "managed",
      "type": "aws_iam_role_policy_attachment",
      "name": "test-attach",
      "provider": "provider[\"registry.terraform.io/hashicorp/aws\"]",
      "instances": [
        {
          "schema_version": 0,
          "attributes": {
            "id": "nyc-covid-data-api-gateway-s3-role-20221130134537276500000001",
            "policy_arn": "arn:aws:iam::692117413392:policy/nyc-covid-data-api-gateway-s3-policy",
            "role": "nyc-covid-data-api-gateway-s3-role"
          },
          "sensitive_attributes": [],
          "private": "bnVsbA==",
          "dependencies": [
            "aws_iam_policy.policy",
            "aws_iam_role.role"
          ]
        }
      ]
    },
    {
      "mode": "managed",
      "type": "aws_s3_bucket",
      "name": "bucket",
      "provider": "provider[\"registry.terraform.io/hashicorp/aws\"]",
      "instances": [
        {
          "schema_version": 0,
          "attributes": {
            "acceleration_status": "",
            "acl": null,
            "arn": "arn:aws:s3:::nyc-covid-data-frontend-bucket",
            "bucket": "nyc-covid-data-frontend-bucket",
            "bucket_domain_name": "nyc-covid-data-frontend-bucket.s3.amazonaws.com",
            "bucket_prefix": null,
            "bucket_regional_domain_name": "nyc-covid-data-frontend-bucket.s3.us-east-2.amazonaws.com",
            "cors_rule": [],
            "force_destroy": false,
            "grant": [
              {
                "id": "9175b79444378787f05c968fd3fd2f3c0a01fca6f4a1ec7f967fbba141158bca",
                "permissions": [
                  "FULL_CONTROL"
                ],
                "type": "CanonicalUser",
                "uri": ""
              }
            ],
            "hosted_zone_id": "Z2O1EMRO9K5GLX",
            "id": "nyc-covid-data-frontend-bucket",
            "lifecycle_rule": [],
            "logging": [],
            "object_lock_configuration": [],
            "object_lock_enabled": false,
            "policy": "",
            "region": "us-east-2",
            "replication_configuration": [],
            "request_payer": "BucketOwner",
            "server_side_encryption_configuration": [],
            "tags": {},
            "tags_all": {},
            "timeouts": null,
            "versioning": [
              {
                "enabled": false,
                "mfa_delete": false
              }
            ],
            "website": [],
            "website_domain": null,
            "website_endpoint": null
          },
          "sensitive_attributes": [],
          "private": "eyJlMmJmYjczMC1lY2FhLTExZTYtOGY4OC0zNDM2M2JjN2M0YzAiOnsiY3JlYXRlIjoxMjAwMDAwMDAwMDAwLCJkZWxldGUiOjM2MDAwMDAwMDAwMDAsInJlYWQiOjEyMDAwMDAwMDAwMDAsInVwZGF0ZSI6MTIwMDAwMDAwMDAwMH19",
          "create_before_destroy": true
        }
      ]
    },
    {
      "mode": "managed",
      "type": "aws_s3_bucket_acl",
      "name": "example",
      "provider": "provider[\"registry.terraform.io/hashicorp/aws\"]",
      "instances": [
        {
          "schema_version": 0,
          "attributes": {
            "access_control_policy": [
              {
                "grant": [
                  {
                    "grantee": [
                      {
                        "display_name": "",
                        "email_address": "",
                        "id": "9175b79444378787f05c968fd3fd2f3c0a01fca6f4a1ec7f967fbba141158bca",
                        "type": "CanonicalUser",
                        "uri": ""
                      }
                    ],
                    "permission": "FULL_CONTROL"
                  }
                ],
                "owner": [
                  {
                    "display_name": "",
                    "id": "9175b79444378787f05c968fd3fd2f3c0a01fca6f4a1ec7f967fbba141158bca"
                  }
                ]
              }
            ],
            "acl": "private",
            "bucket": "nyc-covid-data-frontend-bucket",
            "expected_bucket_owner": "",
            "id": "nyc-covid-data-frontend-bucket,private"
          },
          "sensitive_attributes": [],
          "private": "bnVsbA==",
          "dependencies": [
            "aws_s3_bucket.bucket"
          ]
        }
      ]
    },
    {
      "mode": "managed",
      "type": "aws_s3_object",
      "name": "file_upload",
      "provider": "provider[\"registry.terraform.io/hashicorp/aws\"]",
      "instances": [
        {
          "index_key": "404.html",
          "schema_version": 0,
          "attributes": {
            "acl": "private",
            "bucket": "nyc-covid-data-frontend-bucket",
            "bucket_key_enabled": false,
            "cache_control": "",
            "content": null,
            "content_base64": null,
            "content_disposition": "",
            "content_encoding": "",
            "content_language": "",
            "content_type": "binary/octet-stream",
            "etag": "48e4aeec3fb2ec08fb1b2121f19c99ff",
            "force_destroy": false,
            "id": "404.html",
            "key": "404.html",
            "kms_key_id": null,
            "metadata": {},
            "object_lock_legal_hold_status": "",
            "object_lock_mode": "",
            "object_lock_retain_until_date": "",
            "server_side_encryption": "",
            "source": "./../dist/404.html",
            "source_hash": null,
            "storage_class": "STANDARD",
            "tags": {},
            "tags_all": {},
            "version_id": "",
            "website_redirect": ""
          },
          "sensitive_attributes": [],
          "private": "bnVsbA==",
          "dependencies": [
            "aws_s3_bucket.bucket"
          ]
        },
        {
          "index_key": "726.bootstrap.js",
          "schema_version": 0,
          "attributes": {
            "acl": "private",
            "bucket": "nyc-covid-data-frontend-bucket",
            "bucket_key_enabled": false,
            "cache_control": "",
            "content": null,
            "content_base64": null,
            "content_disposition": "",
            "content_encoding": "",
            "content_language": "",
            "content_type": "binary/octet-stream",
            "etag": "5ed6e7f50dfa7e39859f171d46d3b7fe",
            "force_destroy": false,
            "id": "726.bootstrap.js",
            "key": "726.bootstrap.js",
            "kms_key_id": null,
            "metadata": {},
            "object_lock_legal_hold_status": "",
            "object_lock_mode": "",
            "object_lock_retain_until_date": "",
            "server_side_encryption": "",
            "source": "./../dist/726.bootstrap.js",
            "source_hash": null,
            "storage_class": "STANDARD",
            "tags": {},
            "tags_all": {},
            "version_id": "",
            "website_redirect": ""
          },
          "sensitive_attributes": [],
          "private": "bnVsbA==",
          "dependencies": [
            "aws_s3_bucket.bucket"
          ]
        },
        {
          "index_key": "958.bootstrap.js",
          "schema_version": 0,
          "attributes": {
            "acl": "private",
            "bucket": "nyc-covid-data-frontend-bucket",
            "bucket_key_enabled": false,
            "cache_control": "",
            "content": null,
            "content_base64": null,
            "content_disposition": "",
            "content_encoding": "",
            "content_language": "",
            "content_type": "binary/octet-stream",
            "etag": "e858eee4f9288cf3b98b500c817b813e",
            "force_destroy": false,
            "id": "958.bootstrap.js",
            "key": "958.bootstrap.js",
            "kms_key_id": null,
            "metadata": {},
            "object_lock_legal_hold_status": "",
            "object_lock_mode": "",
            "object_lock_retain_until_date": "",
            "server_side_encryption": "",
            "source": "./../dist/958.bootstrap.js",
            "source_hash": null,
            "storage_class": "STANDARD",
            "tags": {},
            "tags_all": {},
            "version_id": "",
            "website_redirect": ""
          },
          "sensitive_attributes": [],
          "private": "bnVsbA==",
          "dependencies": [
            "aws_s3_bucket.bucket"
          ]
        },
        {
          "index_key": "958.bootstrap.js.LICENSE.txt",
          "schema_version": 0,
          "attributes": {
            "acl": "private",
            "bucket": "nyc-covid-data-frontend-bucket",
            "bucket_key_enabled": false,
            "cache_control": "",
            "content": null,
            "content_base64": null,
            "content_disposition": "",
            "content_encoding": "",
            "content_language": "",
            "content_type": "binary/octet-stream",
            "etag": "53ceb890ffb1a4ffff2c782fec487562",
            "force_destroy": false,
            "id": "958.bootstrap.js.LICENSE.txt",
            "key": "958.bootstrap.js.LICENSE.txt",
            "kms_key_id": null,
            "metadata": {},
            "object_lock_legal_hold_status": "",
            "object_lock_mode": "",
            "object_lock_retain_until_date": "",
            "server_side_encryption": "",
            "source": "./../dist/958.bootstrap.js.LICENSE.txt",
            "source_hash": null,
            "storage_class": "STANDARD",
            "tags": {},
            "tags_all": {},
            "version_id": "",
            "website_redirect": ""
          },
          "sensitive_attributes": [],
          "private": "bnVsbA==",
          "dependencies": [
            "aws_s3_bucket.bucket"
          ]
        },
        {
          "index_key": "android-chrome-192x192.png",
          "schema_version": 0,
          "attributes": {
            "acl": "private",
            "bucket": "nyc-covid-data-frontend-bucket",
            "bucket_key_enabled": false,
            "cache_control": "",
            "content": null,
            "content_base64": null,
            "content_disposition": "",
            "content_encoding": "",
            "content_language": "",
            "content_type": "binary/octet-stream",
            "etag": "51ca866855280f8a750c8459a20ce727",
            "force_destroy": false,
            "id": "android-chrome-192x192.png",
            "key": "android-chrome-192x192.png",
            "kms_key_id": null,
            "metadata": {},
            "object_lock_legal_hold_status": "",
            "object_lock_mode": "",
            "object_lock_retain_until_date": "",
            "server_side_encryption": "",
            "source": "./../dist/android-chrome-192x192.png",
            "source_hash": null,
            "storage_class": "STANDARD",
            "tags": {},
            "tags_all": {},
            "version_id": "",
            "website_redirect": ""
          },
          "sensitive_attributes": [],
          "private": "bnVsbA==",
          "dependencies": [
            "aws_s3_bucket.bucket"
          ]
        },
        {
          "index_key": "android-chrome-512x512.png",
          "schema_version": 0,
          "attributes": {
            "acl": "private",
            "bucket": "nyc-covid-data-frontend-bucket",
            "bucket_key_enabled": false,
            "cache_control": "",
            "content": null,
            "content_base64": null,
            "content_disposition": "",
            "content_encoding": "",
            "content_language": "",
            "content_type": "binary/octet-stream",
            "etag": "90f3ba207d009f739d5dc2e73c3dcd6f",
            "force_destroy": false,
            "id": "android-chrome-512x512.png",
            "key": "android-chrome-512x512.png",
            "kms_key_id": null,
            "metadata": {},
            "object_lock_legal_hold_status": "",
            "object_lock_mode": "",
            "object_lock_retain_until_date": "",
            "server_side_encryption": "",
            "source": "./../dist/android-chrome-512x512.png",
            "source_hash": null,
            "storage_class": "STANDARD",
            "tags": {},
            "tags_all": {},
            "version_id": "",
            "website_redirect": ""
          },
          "sensitive_attributes": [],
          "private": "bnVsbA==",
          "dependencies": [
            "aws_s3_bucket.bucket"
          ]
        },
        {
          "index_key": "apple-touch-icon.png",
          "schema_version": 0,
          "attributes": {
            "acl": "private",
            "bucket": "nyc-covid-data-frontend-bucket",
            "bucket_key_enabled": false,
            "cache_control": "",
            "content": null,
            "content_base64": null,
            "content_disposition": "",
            "content_encoding": "",
            "content_language": "",
            "content_type": "binary/octet-stream",
            "etag": "025d2a868116f2747b162222639efa03",
            "force_destroy": false,
            "id": "apple-touch-icon.png",
            "key": "apple-touch-icon.png",
            "kms_key_id": null,
            "metadata": {},
            "object_lock_legal_hold_status": "",
            "object_lock_mode": "",
            "object_lock_retain_until_date": "",
            "server_side_encryption": "",
            "source": "./../dist/apple-touch-icon.png",
            "source_hash": null,
            "storage_class": "STANDARD",
            "tags": {},
            "tags_all": {},
            "version_id": "",
            "website_redirect": ""
          },
          "sensitive_attributes": [],
          "private": "bnVsbA==",
          "dependencies": [
            "aws_s3_bucket.bucket"
          ]
        },
        {
          "index_key": "bootstrap.js",
          "schema_version": 0,
          "attributes": {
            "acl": "private",
            "bucket": "nyc-covid-data-frontend-bucket",
            "bucket_key_enabled": false,
            "cache_control": "",
            "content": null,
            "content_base64": null,
            "content_disposition": "",
            "content_encoding": "",
            "content_language": "",
            "content_type": "binary/octet-stream",
            "etag": "d86f6dc9eb1c9ff7079164873f9a4436",
            "force_destroy": false,
            "id": "bootstrap.js",
            "key": "bootstrap.js",
            "kms_key_id": null,
            "metadata": {},
            "object_lock_legal_hold_status": "",
            "object_lock_mode": "",
            "object_lock_retain_until_date": "",
            "server_side_encryption": "",
            "source": "./../dist/bootstrap.js",
            "source_hash": null,
            "storage_class": "STANDARD",
            "tags": {},
            "tags_all": {},
            "version_id": "",
            "website_redirect": ""
          },
          "sensitive_attributes": [],
          "private": "bnVsbA==",
          "dependencies": [
            "aws_s3_bucket.bucket"
          ]
        },
        {
          "index_key": "favicon-16x16.png",
          "schema_version": 0,
          "attributes": {
            "acl": "private",
            "bucket": "nyc-covid-data-frontend-bucket",
            "bucket_key_enabled": false,
            "cache_control": "",
            "content": null,
            "content_base64": null,
            "content_disposition": "",
            "content_encoding": "",
            "content_language": "",
            "content_type": "binary/octet-stream",
            "etag": "db7d6937d8aaa5166528951b1595c39e",
            "force_destroy": false,
            "id": "favicon-16x16.png",
            "key": "favicon-16x16.png",
            "kms_key_id": null,
            "metadata": {},
            "object_lock_legal_hold_status": "",
            "object_lock_mode": "",
            "object_lock_retain_until_date": "",
            "server_side_encryption": "",
            "source": "./../dist/favicon-16x16.png",
            "source_hash": null,
            "storage_class": "STANDARD",
            "tags": {},
            "tags_all": {},
            "version_id": "",
            "website_redirect": ""
          },
          "sensitive_attributes": [],
          "private": "bnVsbA==",
          "dependencies": [
            "aws_s3_bucket.bucket"
          ]
        },
        {
          "index_key": "favicon-32x32.png",
          "schema_version": 0,
          "attributes": {
            "acl": "private",
            "bucket": "nyc-covid-data-frontend-bucket",
            "bucket_key_enabled": false,
            "cache_control": "",
            "content": null,
            "content_base64": null,
            "content_disposition": "",
            "content_encoding": "",
            "content_language": "",
            "content_type": "binary/octet-stream",
            "etag": "f288ed87a268bfc04c1b6a79207c2c24",
            "force_destroy": false,
            "id": "favicon-32x32.png",
            "key": "favicon-32x32.png",
            "kms_key_id": null,
            "metadata": {},
            "object_lock_legal_hold_status": "",
            "object_lock_mode": "",
            "object_lock_retain_until_date": "",
            "server_side_encryption": "",
            "source": "./../dist/favicon-32x32.png",
            "source_hash": null,
            "storage_class": "STANDARD",
            "tags": {},
            "tags_all": {},
            "version_id": "",
            "website_redirect": ""
          },
          "sensitive_attributes": [],
          "private": "bnVsbA==",
          "dependencies": [
            "aws_s3_bucket.bucket"
          ]
        },
        {
          "index_key": "favicon.ico",
          "schema_version": 0,
          "attributes": {
            "acl": "private",
            "bucket": "nyc-covid-data-frontend-bucket",
            "bucket_key_enabled": false,
            "cache_control": "",
            "content": null,
            "content_base64": null,
            "content_disposition": "",
            "content_encoding": "",
            "content_language": "",
            "content_type": "binary/octet-stream",
            "etag": "949a6d539ea3b9f128aa5fc69096b3c9",
            "force_destroy": false,
            "id": "favicon.ico",
            "key": "favicon.ico",
            "kms_key_id": null,
            "metadata": {},
            "object_lock_legal_hold_status": "",
            "object_lock_mode": "",
            "object_lock_retain_until_date": "",
            "server_side_encryption": "",
            "source": "./../dist/favicon.ico",
            "source_hash": null,
            "storage_class": "STANDARD",
            "tags": {},
            "tags_all": {},
            "version_id": "",
            "website_redirect": ""
          },
          "sensitive_attributes": [],
          "private": "bnVsbA==",
          "dependencies": [
            "aws_s3_bucket.bucket"
          ]
        },
        {
          "index_key": "index.html",
          "schema_version": 0,
          "attributes": {
            "acl": "private",
            "bucket": "nyc-covid-data-frontend-bucket",
            "bucket_key_enabled": false,
            "cache_control": "",
            "content": null,
            "content_base64": null,
            "content_disposition": "",
            "content_encoding": "",
            "content_language": "",
            "content_type": "binary/octet-stream",
            "etag": "0a2a575639fa6cc7ccb93848b5cae087",
            "force_destroy": false,
            "id": "index.html",
            "key": "index.html",
            "kms_key_id": null,
            "metadata": {},
            "object_lock_legal_hold_status": "",
            "object_lock_mode": "",
            "object_lock_retain_until_date": "",
            "server_side_encryption": "",
            "source": "./../dist/index.html",
            "source_hash": null,
            "storage_class": "STANDARD",
            "tags": {},
            "tags_all": {},
            "version_id": "",
            "website_redirect": ""
          },
          "sensitive_attributes": [],
          "private": "bnVsbA==",
          "dependencies": [
            "aws_s3_bucket.bucket"
          ]
        },
        {
          "index_key": "style.css",
          "schema_version": 0,
          "attributes": {
            "acl": "private",
            "bucket": "nyc-covid-data-frontend-bucket",
            "bucket_key_enabled": false,
            "cache_control": "",
            "content": null,
            "content_base64": null,
            "content_disposition": "",
            "content_encoding": "",
            "content_language": "",
            "content_type": "binary/octet-stream",
            "etag": "3543eb32e5170f9a0dc657f4b6a7ed26",
            "force_destroy": false,
            "id": "style.css",
            "key": "style.css",
            "kms_key_id": null,
            "metadata": {},
            "object_lock_legal_hold_status": "",
            "object_lock_mode": "",
            "object_lock_retain_until_date": "",
            "server_side_encryption": "",
            "source": "./../dist/style.css",
            "source_hash": null,
            "storage_class": "STANDARD",
            "tags": {},
            "tags_all": {},
            "version_id": "",
            "website_redirect": ""
          },
          "sensitive_attributes": [],
          "private": "bnVsbA==",
          "dependencies": [
            "aws_s3_bucket.bucket"
          ]
        },
        {
          "index_key": "theme.css",
          "schema_version": 0,
          "attributes": {
            "acl": "private",
            "bucket": "nyc-covid-data-frontend-bucket",
            "bucket_key_enabled": false,
            "cache_control": "",
            "content": null,
            "content_base64": null,
            "content_disposition": "",
            "content_encoding": "",
            "content_language": "",
            "content_type": "binary/octet-stream",
            "etag": "010043c1ac1fd9ecb013a71fc2d68e54",
            "force_destroy": false,
            "id": "theme.css",
            "key": "theme.css",
            "kms_key_id": null,
            "metadata": {},
            "object_lock_legal_hold_status": "",
            "object_lock_mode": "",
            "object_lock_retain_until_date": "",
            "server_side_encryption": "",
            "source": "./../dist/theme.css",
            "source_hash": null,
            "storage_class": "STANDARD",
            "tags": {},
            "tags_all": {},
            "version_id": "",
            "website_redirect": ""
          },
          "sensitive_attributes": [],
          "private": "bnVsbA==",
          "dependencies": [
            "aws_s3_bucket.bucket"
          ]
        }
      ]
    }
  ]
}
